// !$*UTF8*$!
{
	archiveVersion = 1;
	classes = {
	};
	objectVersion = 46;
	objects = {

/* Begin PBXBuildFile section */
		5735094C21A1D8DA5338926B /* libPods-Group-Buying.a in Frameworks */ = {isa = PBXBuildFile; fileRef = 3B05D5CF84679D2529ACD832 /* libPods-Group-Buying.a */; };
		91016F901E0B73CE00C7E0D8 /* main.m in Sources */ = {isa = PBXBuildFile; fileRef = 91016F8F1E0B73CE00C7E0D8 /* main.m */; };
		91016F931E0B73CE00C7E0D8 /* AppDelegate.m in Sources */ = {isa = PBXBuildFile; fileRef = 91016F921E0B73CE00C7E0D8 /* AppDelegate.m */; };
		91016F991E0B73CE00C7E0D8 /* Main.storyboard in Resources */ = {isa = PBXBuildFile; fileRef = 91016F971E0B73CE00C7E0D8 /* Main.storyboard */; };
		91016F9B1E0B73CE00C7E0D8 /* Assets.xcassets in Resources */ = {isa = PBXBuildFile; fileRef = 91016F9A1E0B73CE00C7E0D8 /* Assets.xcassets */; };
		91016F9E1E0B73CE00C7E0D8 /* LaunchScreen.storyboard in Resources */ = {isa = PBXBuildFile; fileRef = 91016F9C1E0B73CE00C7E0D8 /* LaunchScreen.storyboard */; };
		91016FAA1E0BCE5600C7E0D8 /* JJBaseTabBarController.m in Sources */ = {isa = PBXBuildFile; fileRef = 91016FA91E0BCE5600C7E0D8 /* JJBaseTabBarController.m */; };
		911A30481E14A99B00976CFC /* JJHttpTool.m in Sources */ = {isa = PBXBuildFile; fileRef = 911A30471E14A99B00976CFC /* JJHttpTool.m */; };
		913905191E12057D00F994FF /* JJAuthCodeController.m in Sources */ = {isa = PBXBuildFile; fileRef = 913905181E12057D00F994FF /* JJAuthCodeController.m */; };
		9139051C1E12106E00F994FF /* JJAuthCodeView.m in Sources */ = {isa = PBXBuildFile; fileRef = 9139051B1E12106E00F994FF /* JJAuthCodeView.m */; };
		913920531E1100DD0027B0DA /* JJLandingPutView.m in Sources */ = {isa = PBXBuildFile; fileRef = 913920521E1100DD0027B0DA /* JJLandingPutView.m */; };
		913920561E1102060027B0DA /* JJThirdLoginView.m in Sources */ = {isa = PBXBuildFile; fileRef = 913920551E1102060027B0DA /* JJThirdLoginView.m */; };
		914847911E0E5C070076B09D /* JJMyMessageCell.m in Sources */ = {isa = PBXBuildFile; fileRef = 914847901E0E5C070076B09D /* JJMyMessageCell.m */; };
		916388F31E0F6F7C00E34EBE /* JJMyTableView.m in Sources */ = {isa = PBXBuildFile; fileRef = 916388F21E0F6F7C00E34EBE /* JJMyTableView.m */; };
		916388F61E0FF27500E34EBE /* JJMyHeadView.m in Sources */ = {isa = PBXBuildFile; fileRef = 916388F51E0FF27500E34EBE /* JJMyHeadView.m */; };
		916388FA1E0FF8E400E34EBE /* JJMyTableViewCell.plist in Resources */ = {isa = PBXBuildFile; fileRef = 916388F91E0FF8E400E34EBE /* JJMyTableViewCell.plist */; };
		916388FD1E0FFBB800E34EBE /* JJMyRegisterController.m in Sources */ = {isa = PBXBuildFile; fileRef = 916388FC1E0FFBB800E34EBE /* JJMyRegisterController.m */; };
		91FEC86F1E0CCAEF003B5AC1 /* JJBaseNavigationController.m in Sources */ = {isa = PBXBuildFile; fileRef = 91FEC86E1E0CCAEF003B5AC1 /* JJBaseNavigationController.m */; };
		91FEC8711E0CCB7D003B5AC1 /* JJTabBarViewController.plist in Resources */ = {isa = PBXBuildFile; fileRef = 91FEC8701E0CCB7D003B5AC1 /* JJTabBarViewController.plist */; };
		91FEC8871E0D0968003B5AC1 /* JJTimeViewController.m in Sources */ = {isa = PBXBuildFile; fileRef = 91FEC8861E0D0968003B5AC1 /* JJTimeViewController.m */; };
		91FEC88A1E0D0978003B5AC1 /* JJMyViewController.m in Sources */ = {isa = PBXBuildFile; fileRef = 91FEC8891E0D0978003B5AC1 /* JJMyViewController.m */; };
		91FEC88D1E0D098F003B5AC1 /* JJBuyCarViewController.m in Sources */ = {isa = PBXBuildFile; fileRef = 91FEC88C1E0D098F003B5AC1 /* JJBuyCarViewController.m */; };
		91FEC8901E0D099D003B5AC1 /* JJClassViewController.m in Sources */ = {isa = PBXBuildFile; fileRef = 91FEC88F1E0D099D003B5AC1 /* JJClassViewController.m */; };
/* End PBXBuildFile section */

/* Begin PBXFileReference section */
		3B05D5CF84679D2529ACD832 /* libPods-Group-Buying.a */ = {isa = PBXFileReference; explicitFileType = archive.ar; includeInIndex = 0; path = "libPods-Group-Buying.a"; sourceTree = BUILT_PRODUCTS_DIR; };
		91016F8B1E0B73CE00C7E0D8 /* Group-Buying.app */ = {isa = PBXFileReference; explicitFileType = wrapper.application; includeInIndex = 0; path = "Group-Buying.app"; sourceTree = BUILT_PRODUCTS_DIR; };
		91016F8F1E0B73CE00C7E0D8 /* main.m */ = {isa = PBXFileReference; lastKnownFileType = sourcecode.c.objc; path = main.m; sourceTree = "<group>"; };
		91016F911E0B73CE00C7E0D8 /* AppDelegate.h */ = {isa = PBXFileReference; lastKnownFileType = sourcecode.c.h; path = AppDelegate.h; sourceTree = "<group>"; };
		91016F921E0B73CE00C7E0D8 /* AppDelegate.m */ = {isa = PBXFileReference; lastKnownFileType = sourcecode.c.objc; path = AppDelegate.m; sourceTree = "<group>"; };
		91016F981E0B73CE00C7E0D8 /* Base */ = {isa = PBXFileReference; lastKnownFileType = file.storyboard; name = Base; path = Base.lproj/Main.storyboard; sourceTree = "<group>"; };
		91016F9A1E0B73CE00C7E0D8 /* Assets.xcassets */ = {isa = PBXFileReference; lastKnownFileType = folder.assetcatalog; path = Assets.xcassets; sourceTree = "<group>"; };
		91016F9D1E0B73CE00C7E0D8 /* Base */ = {isa = PBXFileReference; lastKnownFileType = file.storyboard; name = Base; path = Base.lproj/LaunchScreen.storyboard; sourceTree = "<group>"; };
		91016F9F1E0B73CE00C7E0D8 /* Info.plist */ = {isa = PBXFileReference; lastKnownFileType = text.plist.xml; path = Info.plist; sourceTree = "<group>"; };
		91016FA81E0BCE5600C7E0D8 /* JJBaseTabBarController.h */ = {isa = PBXFileReference; fileEncoding = 4; lastKnownFileType = sourcecode.c.h; path = JJBaseTabBarController.h; sourceTree = "<group>"; };
		91016FA91E0BCE5600C7E0D8 /* JJBaseTabBarController.m */ = {isa = PBXFileReference; fileEncoding = 4; lastKnownFileType = sourcecode.c.objc; path = JJBaseTabBarController.m; sourceTree = "<group>"; };
		911A30461E14A99B00976CFC /* JJHttpTool.h */ = {isa = PBXFileReference; fileEncoding = 4; lastKnownFileType = sourcecode.c.h; path = JJHttpTool.h; sourceTree = "<group>"; };
		911A30471E14A99B00976CFC /* JJHttpTool.m */ = {isa = PBXFileReference; fileEncoding = 4; lastKnownFileType = sourcecode.c.objc; path = JJHttpTool.m; sourceTree = "<group>"; };
		913905171E12057D00F994FF /* JJAuthCodeController.h */ = {isa = PBXFileReference; fileEncoding = 4; lastKnownFileType = sourcecode.c.h; path = JJAuthCodeController.h; sourceTree = "<group>"; };
		913905181E12057D00F994FF /* JJAuthCodeController.m */ = {isa = PBXFileReference; fileEncoding = 4; lastKnownFileType = sourcecode.c.objc; path = JJAuthCodeController.m; sourceTree = "<group>"; };
		9139051A1E12106E00F994FF /* JJAuthCodeView.h */ = {isa = PBXFileReference; fileEncoding = 4; lastKnownFileType = sourcecode.c.h; path = JJAuthCodeView.h; sourceTree = "<group>"; };
		9139051B1E12106E00F994FF /* JJAuthCodeView.m */ = {isa = PBXFileReference; fileEncoding = 4; lastKnownFileType = sourcecode.c.objc; path = JJAuthCodeView.m; sourceTree = "<group>"; };
		913920511E1100DD0027B0DA /* JJLandingPutView.h */ = {isa = PBXFileReference; fileEncoding = 4; lastKnownFileType = sourcecode.c.h; path = JJLandingPutView.h; sourceTree = "<group>"; };
		913920521E1100DD0027B0DA /* JJLandingPutView.m */ = {isa = PBXFileReference; fileEncoding = 4; lastKnownFileType = sourcecode.c.objc; path = JJLandingPutView.m; sourceTree = "<group>"; };
		913920541E1102060027B0DA /* JJThirdLoginView.h */ = {isa = PBXFileReference; fileEncoding = 4; lastKnownFileType = sourcecode.c.h; path = JJThirdLoginView.h; sourceTree = "<group>"; };
		913920551E1102060027B0DA /* JJThirdLoginView.m */ = {isa = PBXFileReference; fileEncoding = 4; lastKnownFileType = sourcecode.c.objc; path = JJThirdLoginView.m; sourceTree = "<group>"; };
		913C37F3C45ACAA066C22FCA /* Pods-Group-Buying.debug.xcconfig */ = {isa = PBXFileReference; includeInIndex = 1; lastKnownFileType = text.xcconfig; name = "Pods-Group-Buying.debug.xcconfig"; path = "Pods/Target Support Files/Pods-Group-Buying/Pods-Group-Buying.debug.xcconfig"; sourceTree = "<group>"; };
		9148478E1E0E18850076B09D /* PrefixHeader.pch */ = {isa = PBXFileReference; lastKnownFileType = sourcecode.c.h; path = PrefixHeader.pch; sourceTree = "<group>"; };
		9148478F1E0E5C070076B09D /* JJMyMessageCell.h */ = {isa = PBXFileReference; fileEncoding = 4; lastKnownFileType = sourcecode.c.h; path = JJMyMessageCell.h; sourceTree = "<group>"; };
		914847901E0E5C070076B09D /* JJMyMessageCell.m */ = {isa = PBXFileReference; fileEncoding = 4; lastKnownFileType = sourcecode.c.objc; path = JJMyMessageCell.m; sourceTree = "<group>"; };
		916388F11E0F6F7C00E34EBE /* JJMyTableView.h */ = {isa = PBXFileReference; fileEncoding = 4; lastKnownFileType = sourcecode.c.h; path = JJMyTableView.h; sourceTree = "<group>"; };
		916388F21E0F6F7C00E34EBE /* JJMyTableView.m */ = {isa = PBXFileReference; fileEncoding = 4; lastKnownFileType = sourcecode.c.objc; path = JJMyTableView.m; sourceTree = "<group>"; };
		916388F41E0FF27500E34EBE /* JJMyHeadView.h */ = {isa = PBXFileReference; fileEncoding = 4; lastKnownFileType = sourcecode.c.h; path = JJMyHeadView.h; sourceTree = "<group>"; };
		916388F51E0FF27500E34EBE /* JJMyHeadView.m */ = {isa = PBXFileReference; fileEncoding = 4; lastKnownFileType = sourcecode.c.objc; path = JJMyHeadView.m; sourceTree = "<group>"; };
		916388F91E0FF8E400E34EBE /* JJMyTableViewCell.plist */ = {isa = PBXFileReference; fileEncoding = 4; lastKnownFileType = text.plist.xml; path = JJMyTableViewCell.plist; sourceTree = "<group>"; };
		916388FB1E0FFBB800E34EBE /* JJMyRegisterController.h */ = {isa = PBXFileReference; fileEncoding = 4; lastKnownFileType = sourcecode.c.h; path = JJMyRegisterController.h; sourceTree = "<group>"; };
		916388FC1E0FFBB800E34EBE /* JJMyRegisterController.m */ = {isa = PBXFileReference; fileEncoding = 4; lastKnownFileType = sourcecode.c.objc; path = JJMyRegisterController.m; sourceTree = "<group>"; };
		91FEC86D1E0CCAEF003B5AC1 /* JJBaseNavigationController.h */ = {isa = PBXFileReference; fileEncoding = 4; lastKnownFileType = sourcecode.c.h; path = JJBaseNavigationController.h; sourceTree = "<group>"; };
		91FEC86E1E0CCAEF003B5AC1 /* JJBaseNavigationController.m */ = {isa = PBXFileReference; fileEncoding = 4; lastKnownFileType = sourcecode.c.objc; path = JJBaseNavigationController.m; sourceTree = "<group>"; };
		91FEC8701E0CCB7D003B5AC1 /* JJTabBarViewController.plist */ = {isa = PBXFileReference; fileEncoding = 4; lastKnownFileType = text.plist.xml; path = JJTabBarViewController.plist; sourceTree = "<group>"; };
		91FEC8851E0D0968003B5AC1 /* JJTimeViewController.h */ = {isa = PBXFileReference; fileEncoding = 4; lastKnownFileType = sourcecode.c.h; path = JJTimeViewController.h; sourceTree = "<group>"; };
		91FEC8861E0D0968003B5AC1 /* JJTimeViewController.m */ = {isa = PBXFileReference; fileEncoding = 4; lastKnownFileType = sourcecode.c.objc; path = JJTimeViewController.m; sourceTree = "<group>"; };
		91FEC8881E0D0978003B5AC1 /* JJMyViewController.h */ = {isa = PBXFileReference; fileEncoding = 4; lastKnownFileType = sourcecode.c.h; path = JJMyViewController.h; sourceTree = "<group>"; };
		91FEC8891E0D0978003B5AC1 /* JJMyViewController.m */ = {isa = PBXFileReference; fileEncoding = 4; lastKnownFileType = sourcecode.c.objc; path = JJMyViewController.m; sourceTree = "<group>"; };
		91FEC88B1E0D098F003B5AC1 /* JJBuyCarViewController.h */ = {isa = PBXFileReference; fileEncoding = 4; lastKnownFileType = sourcecode.c.h; path = JJBuyCarViewController.h; sourceTree = "<group>"; };
		91FEC88C1E0D098F003B5AC1 /* JJBuyCarViewController.m */ = {isa = PBXFileReference; fileEncoding = 4; lastKnownFileType = sourcecode.c.objc; path = JJBuyCarViewController.m; sourceTree = "<group>"; };
		91FEC88E1E0D099D003B5AC1 /* JJClassViewController.h */ = {isa = PBXFileReference; fileEncoding = 4; lastKnownFileType = sourcecode.c.h; path = JJClassViewController.h; sourceTree = "<group>"; };
		91FEC88F1E0D099D003B5AC1 /* JJClassViewController.m */ = {isa = PBXFileReference; fileEncoding = 4; lastKnownFileType = sourcecode.c.objc; path = JJClassViewController.m; sourceTree = "<group>"; };
		BDFC610DC550E61D991C16CF /* Pods-Group-Buying.release.xcconfig */ = {isa = PBXFileReference; includeInIndex = 1; lastKnownFileType = text.xcconfig; name = "Pods-Group-Buying.release.xcconfig"; path = "Pods/Target Support Files/Pods-Group-Buying/Pods-Group-Buying.release.xcconfig"; sourceTree = "<group>"; };
/* End PBXFileReference section */

/* Begin PBXFrameworksBuildPhase section */
		91016F881E0B73CD00C7E0D8 /* Frameworks */ = {
			isa = PBXFrameworksBuildPhase;
			buildActionMask = 2147483647;
			files = (
				5735094C21A1D8DA5338926B /* libPods-Group-Buying.a in Frameworks */,
			);
			runOnlyForDeploymentPostprocessing = 0;
		};
/* End PBXFrameworksBuildPhase section */

/* Begin PBXGroup section */
		4B31C1A23BC5B52BA33F7083 /* Frameworks */ = {
			isa = PBXGroup;
			children = (
				3B05D5CF84679D2529ACD832 /* libPods-Group-Buying.a */,
			);
			name = Frameworks;
			sourceTree = "<group>";
		};
		8CCAB3E49B5E79D29912DDFA /* Pods */ = {
			isa = PBXGroup;
			children = (
				913C37F3C45ACAA066C22FCA /* Pods-Group-Buying.debug.xcconfig */,
				BDFC610DC550E61D991C16CF /* Pods-Group-Buying.release.xcconfig */,
			);
			name = Pods;
			sourceTree = "<group>";
		};
		91016F821E0B73CD00C7E0D8 = {
			isa = PBXGroup;
			children = (
				91016F8D1E0B73CE00C7E0D8 /* Group-Buying */,
				91016F8C1E0B73CE00C7E0D8 /* Products */,
				8CCAB3E49B5E79D29912DDFA /* Pods */,
				4B31C1A23BC5B52BA33F7083 /* Frameworks */,
			);
			sourceTree = "<group>";
		};
		91016F8C1E0B73CE00C7E0D8 /* Products */ = {
			isa = PBXGroup;
			children = (
				91016F8B1E0B73CE00C7E0D8 /* Group-Buying.app */,
			);
			name = Products;
			sourceTree = "<group>";
		};
		91016F8D1E0B73CE00C7E0D8 /* Group-Buying */ = {
			isa = PBXGroup;
			children = (
				911A30451E14A97400976CFC /* 工具类 */,
				91FEC87E1E0CCF26003B5AC1 /* 限时购 */,
				91FEC87A1E0CCF1B003B5AC1 /* 我的 */,
				91FEC8761E0CCF11003B5AC1 /* 购物车 */,
				91FEC8721E0CCF02003B5AC1 /* 分类 */,
				91016FA71E0BCE2000C7E0D8 /* 基础控制器 */,
				91016FA51E0B844200C7E0D8 /* 资源文件 */,
				91016F911E0B73CE00C7E0D8 /* AppDelegate.h */,
				91016F921E0B73CE00C7E0D8 /* AppDelegate.m */,
				9148478E1E0E18850076B09D /* PrefixHeader.pch */,
				91016FA61E0B872D00C7E0D8 /* 系统资源 */,
				91016F8E1E0B73CE00C7E0D8 /* Supporting Files */,
			);
			path = "Group-Buying";
			sourceTree = "<group>";
		};
		91016F8E1E0B73CE00C7E0D8 /* Supporting Files */ = {
			isa = PBXGroup;
			children = (
				91016F8F1E0B73CE00C7E0D8 /* main.m */,
			);
			name = "Supporting Files";
			sourceTree = "<group>";
		};
		91016FA51E0B844200C7E0D8 /* 资源文件 */ = {
			isa = PBXGroup;
			children = (
			);
			path = "资源文件";
			sourceTree = "<group>";
		};
		91016FA61E0B872D00C7E0D8 /* 系统资源 */ = {
			isa = PBXGroup;
			children = (
				91016F971E0B73CE00C7E0D8 /* Main.storyboard */,
				91016F9A1E0B73CE00C7E0D8 /* Assets.xcassets */,
				91016F9C1E0B73CE00C7E0D8 /* LaunchScreen.storyboard */,
				91016F9F1E0B73CE00C7E0D8 /* Info.plist */,
			);
			name = "系统资源";
			sourceTree = "<group>";
		};
		91016FA71E0BCE2000C7E0D8 /* 基础控制器 */ = {
			isa = PBXGroup;
			children = (
				91016FA81E0BCE5600C7E0D8 /* JJBaseTabBarController.h */,
				91016FA91E0BCE5600C7E0D8 /* JJBaseTabBarController.m */,
				91FEC86D1E0CCAEF003B5AC1 /* JJBaseNavigationController.h */,
				91FEC86E1E0CCAEF003B5AC1 /* JJBaseNavigationController.m */,
				91FEC8701E0CCB7D003B5AC1 /* JJTabBarViewController.plist */,
			);
			path = "基础控制器";
			sourceTree = "<group>";
		};
		911A30451E14A97400976CFC /* 工具类 */ = {
			isa = PBXGroup;
			children = (
				911A30461E14A99B00976CFC /* JJHttpTool.h */,
				911A30471E14A99B00976CFC /* JJHttpTool.m */,
			);
			path = "工具类";
			sourceTree = "<group>";
		};
		913905161E12056500F994FF /* 验证码界面 */ = {
			isa = PBXGroup;
			children = (
				913905171E12057D00F994FF /* JJAuthCodeController.h */,
				913905181E12057D00F994FF /* JJAuthCodeController.m */,
				9139051A1E12106E00F994FF /* JJAuthCodeView.h */,
				9139051B1E12106E00F994FF /* JJAuthCodeView.m */,
			);
			path = "验证码界面";
			sourceTree = "<group>";
		};
		9139204F1E11007A0027B0DA /* 注册 */ = {
			isa = PBXGroup;
			children = (
				916388FB1E0FFBB800E34EBE /* JJMyRegisterController.h */,
				916388FC1E0FFBB800E34EBE /* JJMyRegisterController.m */,
			);
			name = "注册";
			sourceTree = "<group>";
		};
		913920501E11008D0027B0DA /* 注册 */ = {
			isa = PBXGroup;
			children = (
				913920511E1100DD0027B0DA /* JJLandingPutView.h */,
				913920521E1100DD0027B0DA /* JJLandingPutView.m */,
				913920541E1102060027B0DA /* JJThirdLoginView.h */,
				913920551E1102060027B0DA /* JJThirdLoginView.m */,
			);
			name = "注册";
			sourceTree = "<group>";
		};
		91FEC8721E0CCF02003B5AC1 /* 分类 */ = {
			isa = PBXGroup;
			children = (
				91FEC8911E0D0A9C003B5AC1 /* Tool */,
				91FEC8731E0CCF02003B5AC1 /* Controller */,
				91FEC8741E0CCF02003B5AC1 /* Model */,
				91FEC8751E0CCF02003B5AC1 /* View */,
			);
			path = "分类";
			sourceTree = "<group>";
		};
		91FEC8731E0CCF02003B5AC1 /* Controller */ = {
			isa = PBXGroup;
			children = (
				91FEC88E1E0D099D003B5AC1 /* JJClassViewController.h */,
				91FEC88F1E0D099D003B5AC1 /* JJClassViewController.m */,
			);
			path = Controller;
			sourceTree = "<group>";
		};
		91FEC8741E0CCF02003B5AC1 /* Model */ = {
			isa = PBXGroup;
			children = (
			);
			path = Model;
			sourceTree = "<group>";
		};
		91FEC8751E0CCF02003B5AC1 /* View */ = {
			isa = PBXGroup;
			children = (
			);
			path = View;
			sourceTree = "<group>";
		};
		91FEC8761E0CCF11003B5AC1 /* 购物车 */ = {
			isa = PBXGroup;
			children = (
				91FEC8921E0D0AAC003B5AC1 /* Tool */,
				91FEC8771E0CCF11003B5AC1 /* Controller */,
				91FEC8781E0CCF11003B5AC1 /* Model */,
				91FEC8791E0CCF11003B5AC1 /* View */,
			);
			path = "购物车";
			sourceTree = "<group>";
		};
		91FEC8771E0CCF11003B5AC1 /* Controller */ = {
			isa = PBXGroup;
			children = (
				91FEC88B1E0D098F003B5AC1 /* JJBuyCarViewController.h */,
				91FEC88C1E0D098F003B5AC1 /* JJBuyCarViewController.m */,
			);
			path = Controller;
			sourceTree = "<group>";
		};
		91FEC8781E0CCF11003B5AC1 /* Model */ = {
			isa = PBXGroup;
			children = (
			);
			path = Model;
			sourceTree = "<group>";
		};
		91FEC8791E0CCF11003B5AC1 /* View */ = {
			isa = PBXGroup;
			children = (
			);
			path = View;
			sourceTree = "<group>";
		};
		91FEC87A1E0CCF1B003B5AC1 /* 我的 */ = {
			isa = PBXGroup;
			children = (
				913905161E12056500F994FF /* 验证码界面 */,
				91FEC8931E0D0AB4003B5AC1 /* Tool */,
				91FEC87B1E0CCF1B003B5AC1 /* Controller */,
				91FEC87C1E0CCF1B003B5AC1 /* Model */,
				91FEC87D1E0CCF1B003B5AC1 /* View */,
			);
			path = "我的";
			sourceTree = "<group>";
		};
		91FEC87B1E0CCF1B003B5AC1 /* Controller */ = {
			isa = PBXGroup;
			children = (
				9139204F1E11007A0027B0DA /* 注册 */,
				91FEC8881E0D0978003B5AC1 /* JJMyViewController.h */,
				91FEC8891E0D0978003B5AC1 /* JJMyViewController.m */,
			);
			path = Controller;
			sourceTree = "<group>";
		};
		91FEC87C1E0CCF1B003B5AC1 /* Model */ = {
			isa = PBXGroup;
			children = (
			);
			path = Model;
			sourceTree = "<group>";
		};
		91FEC87D1E0CCF1B003B5AC1 /* View */ = {
			isa = PBXGroup;
			children = (
				913920501E11008D0027B0DA /* 注册 */,
				9148478F1E0E5C070076B09D /* JJMyMessageCell.h */,
				914847901E0E5C070076B09D /* JJMyMessageCell.m */,
				916388F11E0F6F7C00E34EBE /* JJMyTableView.h */,
				916388F21E0F6F7C00E34EBE /* JJMyTableView.m */,
				916388F91E0FF8E400E34EBE /* JJMyTableViewCell.plist */,
				916388F41E0FF27500E34EBE /* JJMyHeadView.h */,
				916388F51E0FF27500E34EBE /* JJMyHeadView.m */,
			);
			path = View;
			sourceTree = "<group>";
		};
		91FEC87E1E0CCF26003B5AC1 /* 限时购 */ = {
			isa = PBXGroup;
			children = (
				91FEC8941E0D0AC2003B5AC1 /* Tool */,
				91FEC87F1E0CCF26003B5AC1 /* Controller */,
				91FEC8801E0CCF26003B5AC1 /* Model */,
				91FEC8811E0CCF26003B5AC1 /* View */,
			);
			path = "限时购";
			sourceTree = "<group>";
		};
		91FEC87F1E0CCF26003B5AC1 /* Controller */ = {
			isa = PBXGroup;
			children = (
				91FEC8851E0D0968003B5AC1 /* JJTimeViewController.h */,
				91FEC8861E0D0968003B5AC1 /* JJTimeViewController.m */,
			);
			path = Controller;
			sourceTree = "<group>";
		};
		91FEC8801E0CCF26003B5AC1 /* Model */ = {
			isa = PBXGroup;
			children = (
			);
			path = Model;
			sourceTree = "<group>";
		};
		91FEC8811E0CCF26003B5AC1 /* View */ = {
			isa = PBXGroup;
			children = (
			);
			path = View;
			sourceTree = "<group>";
		};
		91FEC8911E0D0A9C003B5AC1 /* Tool */ = {
			isa = PBXGroup;
			children = (
			);
			path = Tool;
			sourceTree = "<group>";
		};
		91FEC8921E0D0AAC003B5AC1 /* Tool */ = {
			isa = PBXGroup;
			children = (
			);
			path = Tool;
			sourceTree = "<group>";
		};
		91FEC8931E0D0AB4003B5AC1 /* Tool */ = {
			isa = PBXGroup;
			children = (
			);
			path = Tool;
			sourceTree = "<group>";
		};
		91FEC8941E0D0AC2003B5AC1 /* Tool */ = {
			isa = PBXGroup;
			children = (
			);
			path = Tool;
			sourceTree = "<group>";
		};
/* End PBXGroup section */

/* Begin PBXNativeTarget section */
		91016F8A1E0B73CD00C7E0D8 /* Group-Buying */ = {
			isa = PBXNativeTarget;
			buildConfigurationList = 91016FA21E0B73CE00C7E0D8 /* Build configuration list for PBXNativeTarget "Group-Buying" */;
			buildPhases = (
				BEF6782CD1C9404EE0DCB505 /* [CP] Check Pods Manifest.lock */,
				91016F871E0B73CD00C7E0D8 /* Sources */,
				91016F881E0B73CD00C7E0D8 /* Frameworks */,
				91016F891E0B73CD00C7E0D8 /* Resources */,
				F8B20F54A05A3F8607BA9644 /* [CP] Embed Pods Frameworks */,
				3B304632DFE4051CD288F0FF /* [CP] Copy Pods Resources */,
			);
			buildRules = (
			);
			dependencies = (
			);
			name = "Group-Buying";
			productName = "Group-Buying";
			productReference = 91016F8B1E0B73CE00C7E0D8 /* Group-Buying.app */;
			productType = "com.apple.product-type.application";
		};
/* End PBXNativeTarget section */

/* Begin PBXProject section */
		91016F831E0B73CD00C7E0D8 /* Project object */ = {
			isa = PBXProject;
			attributes = {
				CLASSPREFIX = JJ;
				LastUpgradeCheck = 0800;
				ORGANIZATIONNAME = "蒋俊";
				TargetAttributes = {
					91016F8A1E0B73CD00C7E0D8 = {
						CreatedOnToolsVersion = 8.0;
						ProvisioningStyle = Automatic;
					};
				};
			};
			buildConfigurationList = 91016F861E0B73CD00C7E0D8 /* Build configuration list for PBXProject "Group-Buying" */;
			compatibilityVersion = "Xcode 3.2";
			developmentRegion = English;
			hasScannedForEncodings = 0;
			knownRegions = (
				en,
				Base,
			);
			mainGroup = 91016F821E0B73CD00C7E0D8;
			productRefGroup = 91016F8C1E0B73CE00C7E0D8 /* Products */;
			projectDirPath = "";
			projectRoot = "";
			targets = (
				91016F8A1E0B73CD00C7E0D8 /* Group-Buying */,
			);
		};
/* End PBXProject section */

/* Begin PBXResourcesBuildPhase section */
		91016F891E0B73CD00C7E0D8 /* Resources */ = {
			isa = PBXResourcesBuildPhase;
			buildActionMask = 2147483647;
			files = (
				91016F9E1E0B73CE00C7E0D8 /* LaunchScreen.storyboard in Resources */,
				91FEC8711E0CCB7D003B5AC1 /* JJTabBarViewController.plist in Resources */,
				91016F9B1E0B73CE00C7E0D8 /* Assets.xcassets in Resources */,
				916388FA1E0FF8E400E34EBE /* JJMyTableViewCell.plist in Resources */,
				91016F991E0B73CE00C7E0D8 /* Main.storyboard in Resources */,
			);
			runOnlyForDeploymentPostprocessing = 0;
		};
/* End PBXResourcesBuildPhase section */

/* Begin PBXShellScriptBuildPhase section */
		3B304632DFE4051CD288F0FF /* [CP] Copy Pods Resources */ = {
			isa = PBXShellScriptBuildPhase;
			buildActionMask = 2147483647;
			files = (
			);
			inputPaths = (
			);
			name = "[CP] Copy Pods Resources";
			outputPaths = (
			);
			runOnlyForDeploymentPostprocessing = 0;
			shellPath = /bin/sh;
			shellScript = "\"${SRCROOT}/Pods/Target Support Files/Pods-Group-Buying/Pods-Group-Buying-resources.sh\"\n";
			showEnvVarsInLog = 0;
		};
		BEF6782CD1C9404EE0DCB505 /* [CP] Check Pods Manifest.lock */ = {
			isa = PBXShellScriptBuildPhase;
			buildActionMask = 2147483647;
			files = (
			);
			inputPaths = (
			);
			name = "[CP] Check Pods Manifest.lock";
			outputPaths = (
			);
			runOnlyForDeploymentPostprocessing = 0;
			shellPath = /bin/sh;
			shellScript = "diff \"${PODS_ROOT}/../Podfile.lock\" \"${PODS_ROOT}/Manifest.lock\" > /dev/null\nif [[ $? != 0 ]] ; then\n    cat << EOM\nerror: The sandbox is not in sync with the Podfile.lock. Run 'pod install' or update your CocoaPods installation.\nEOM\n    exit 1\nfi\n";
			showEnvVarsInLog = 0;
		};
		F8B20F54A05A3F8607BA9644 /* [CP] Embed Pods Frameworks */ = {
			isa = PBXShellScriptBuildPhase;
			buildActionMask = 2147483647;
			files = (
			);
			inputPaths = (
			);
			name = "[CP] Embed Pods Frameworks";
			outputPaths = (
			);
			runOnlyForDeploymentPostprocessing = 0;
			shellPath = /bin/sh;
			shellScript = "\"${SRCROOT}/Pods/Target Support Files/Pods-Group-Buying/Pods-Group-Buying-frameworks.sh\"\n";
			showEnvVarsInLog = 0;
		};
/* End PBXShellScriptBuildPhase section */

/* Begin PBXSourcesBuildPhase section */
		91016F871E0B73CD00C7E0D8 /* Sources */ = {
			isa = PBXSourcesBuildPhase;
			buildActionMask = 2147483647;
			files = (
				91016F931E0B73CE00C7E0D8 /* AppDelegate.m in Sources */,
				913920531E1100DD0027B0DA /* JJLandingPutView.m in Sources */,
				916388F61E0FF27500E34EBE /* JJMyHeadView.m in Sources */,
				916388F31E0F6F7C00E34EBE /* JJMyTableView.m in Sources */,
				91FEC88D1E0D098F003B5AC1 /* JJBuyCarViewController.m in Sources */,
				91FEC8871E0D0968003B5AC1 /* JJTimeViewController.m in Sources */,
				91FEC8901E0D099D003B5AC1 /* JJClassViewController.m in Sources */,
				9139051C1E12106E00F994FF /* JJAuthCodeView.m in Sources */,
				916388FD1E0FFBB800E34EBE /* JJMyRegisterController.m in Sources */,
				913905191E12057D00F994FF /* JJAuthCodeController.m in Sources */,
				911A30481E14A99B00976CFC /* JJHttpTool.m in Sources */,
				913920561E1102060027B0DA /* JJThirdLoginView.m in Sources */,
				914847911E0E5C070076B09D /* JJMyMessageCell.m in Sources */,
				91FEC88A1E0D0978003B5AC1 /* JJMyViewController.m in Sources */,
				91016FAA1E0BCE5600C7E0D8 /* JJBaseTabBarController.m in Sources */,
				91FEC86F1E0CCAEF003B5AC1 /* JJBaseNavigationController.m in Sources */,
				91016F901E0B73CE00C7E0D8 /* main.m in Sources */,
			);
			runOnlyForDeploymentPostprocessing = 0;
		};
/* End PBXSourcesBuildPhase section */

/* Begin PBXVariantGroup section */
		91016F971E0B73CE00C7E0D8 /* Main.storyboard */ = {
			isa = PBXVariantGroup;
			children = (
				91016F981E0B73CE00C7E0D8 /* Base */,
			);
			name = Main.storyboard;
			sourceTree = "<group>";
		};
		91016F9C1E0B73CE00C7E0D8 /* LaunchScreen.storyboard */ = {
			isa = PBXVariantGroup;
			children = (
				91016F9D1E0B73CE00C7E0D8 /* Base */,
			);
			name = LaunchScreen.storyboard;
			sourceTree = "<group>";
		};
/* End PBXVariantGroup section */

/* Begin XCBuildConfiguration section */
		91016FA01E0B73CE00C7E0D8 /* Debug */ = {
			isa = XCBuildConfiguration;
			buildSettings = {
				ALWAYS_SEARCH_USER_PATHS = NO;
				CLANG_ANALYZER_NONNULL = YES;
				CLANG_CXX_LANGUAGE_STANDARD = "gnu++0x";
				CLANG_CXX_LIBRARY = "libc++";
				CLANG_ENABLE_MODULES = YES;
				CLANG_ENABLE_OBJC_ARC = YES;
				CLANG_WARN_BOOL_CONVERSION = YES;
				CLANG_WARN_CONSTANT_CONVERSION = YES;
				CLANG_WARN_DIRECT_OBJC_ISA_USAGE = YES_ERROR;
				CLANG_WARN_DOCUMENTATION_COMMENTS = YES;
				CLANG_WARN_EMPTY_BODY = YES;
				CLANG_WARN_ENUM_CONVERSION = YES;
				CLANG_WARN_INFINITE_RECURSION = YES;
				CLANG_WARN_INT_CONVERSION = YES;
				CLANG_WARN_OBJC_ROOT_CLASS = YES_ERROR;
				CLANG_WARN_SUSPICIOUS_MOVES = YES;
				CLANG_WARN_UNREACHABLE_CODE = YES;
				CLANG_WARN__DUPLICATE_METHOD_MATCH = YES;
				"CODE_SIGN_IDENTITY[sdk=iphoneos*]" = "iPhone Developer";
				COPY_PHASE_STRIP = NO;
				DEBUG_INFORMATION_FORMAT = dwarf;
				ENABLE_STRICT_OBJC_MSGSEND = YES;
				ENABLE_TESTABILITY = YES;
				GCC_C_LANGUAGE_STANDARD = gnu99;
				GCC_DYNAMIC_NO_PIC = NO;
				GCC_NO_COMMON_BLOCKS = YES;
				GCC_OPTIMIZATION_LEVEL = 0;
				GCC_PREPROCESSOR_DEFINITIONS = (
					"DEBUG=1",
					"$(inherited)",
				);
				GCC_WARN_64_TO_32_BIT_CONVERSION = YES;
				GCC_WARN_ABOUT_RETURN_TYPE = YES_ERROR;
				GCC_WARN_UNDECLARED_SELECTOR = YES;
				GCC_WARN_UNINITIALIZED_AUTOS = YES_AGGRESSIVE;
				GCC_WARN_UNUSED_FUNCTION = YES;
				GCC_WARN_UNUSED_VARIABLE = YES;
				IPHONEOS_DEPLOYMENT_TARGET = 10.0;
				MTL_ENABLE_DEBUG_INFO = YES;
				ONLY_ACTIVE_ARCH = YES;
				SDKROOT = iphoneos;
			};
			name = Debug;
		};
		91016FA11E0B73CE00C7E0D8 /* Release */ = {
			isa = XCBuildConfiguration;
			buildSettings = {
				ALWAYS_SEARCH_USER_PATHS = NO;
				CLANG_ANALYZER_NONNULL = YES;
				CLANG_CXX_LANGUAGE_STANDARD = "gnu++0x";
				CLANG_CXX_LIBRARY = "libc++";
				CLANG_ENABLE_MODULES = YES;
				CLANG_ENABLE_OBJC_ARC = YES;
				CLANG_WARN_BOOL_CONVERSION = YES;
				CLANG_WARN_CONSTANT_CONVERSION = YES;
				CLANG_WARN_DIRECT_OBJC_ISA_USAGE = YES_ERROR;
				CLANG_WARN_DOCUMENTATION_COMMENTS = YES;
				CLANG_WARN_EMPTY_BODY = YES;
				CLANG_WARN_ENUM_CONVERSION = YES;
				CLANG_WARN_INFINITE_RECURSION = YES;
				CLANG_WARN_INT_CONVERSION = YES;
				CLANG_WARN_OBJC_ROOT_CLASS = YES_ERROR;
				CLANG_WARN_SUSPICIOUS_MOVES = YES;
				CLANG_WARN_UNREACHABLE_CODE = YES;
				CLANG_WARN__DUPLICATE_METHOD_MATCH = YES;
				"CODE_SIGN_IDENTITY[sdk=iphoneos*]" = "iPhone Developer";
				COPY_PHASE_STRIP = NO;
				DEBUG_INFORMATION_FORMAT = "dwarf-with-dsym";
				ENABLE_NS_ASSERTIONS = NO;
				ENABLE_STRICT_OBJC_MSGSEND = YES;
				GCC_C_LANGUAGE_STANDARD = gnu99;
				GCC_NO_COMMON_BLOCKS = YES;
				GCC_WARN_64_TO_32_BIT_CONVERSION = YES;
				GCC_WARN_ABOUT_RETURN_TYPE = YES_ERROR;
				GCC_WARN_UNDECLARED_SELECTOR = YES;
				GCC_WARN_UNINITIALIZED_AUTOS = YES_AGGRESSIVE;
				GCC_WARN_UNUSED_FUNCTION = YES;
				GCC_WARN_UNUSED_VARIABLE = YES;
				IPHONEOS_DEPLOYMENT_TARGET = 10.0;
				MTL_ENABLE_DEBUG_INFO = NO;
				SDKROOT = iphoneos;
				VALIDATE_PRODUCT = YES;
			};
			name = Release;
		};
		91016FA31E0B73CE00C7E0D8 /* Debug */ = {
			isa = XCBuildConfiguration;
			baseConfigurationReference = 913C37F3C45ACAA066C22FCA /* Pods-Group-Buying.debug.xcconfig */;
			buildSettings = {
				ASSETCATALOG_COMPILER_APPICON_NAME = AppIcon;
				GCC_PREFIX_HEADER = "Group-Buying/PrefixHeader.pch";
				INFOPLIST_FILE = "Group-Buying/Info.plist";
				IPHONEOS_DEPLOYMENT_TARGET = 8.0;
				LD_RUNPATH_SEARCH_PATHS = "$(inherited) @executable_path/Frameworks";
				PRODUCT_BUNDLE_IDENTIFIER = "tmac.Group-Buying";
				PRODUCT_NAME = "$(TARGET_NAME)";
			};
			name = Debug;
		};
		91016FA41E0B73CE00C7E0D8 /* Release */ = {
			isa = XCBuildConfiguration;
			baseConfigurationReference = BDFC610DC550E61D991C16CF /* Pods-Group-Buying.release.xcconfig */;
			buildSettings = {
				ASSETCATALOG_COMPILER_APPICON_NAME = AppIcon;
				GCC_PREFIX_HEADER = "Group-Buying/PrefixHeader.pch";
				INFOPLIST_FILE = "Group-Buying/Info.plist";
				IPHONEOS_DEPLOYMENT_TARGET = 8.0;
				LD_RUNPATH_SEARCH_PATHS = "$(inherited) @executable_path/Frameworks";
				PRODUCT_BUNDLE_IDENTIFIER = "tmac.Group-Buying";
				PRODUCT_NAME = "$(TARGET_NAME)";
			};
			name = Release;
		};
/* End XCBuildConfiguration section */

/* Begin XCConfigurationList section */
		91016F861E0B73CD00C7E0D8 /* Build configuration list for PBXProject "Group-Buying" */ = {
			isa = XCConfigurationList;
			buildConfigurations = (
				91016FA01E0B73CE00C7E0D8 /* Debug */,
				91016FA11E0B73CE00C7E0D8 /* Release */,
			);
			defaultConfigurationIsVisible = 0;
			defaultConfigurationName = Release;
		};
		91016FA21E0B73CE00C7E0D8 /* Build configuration list for PBXNativeTarget "Group-Buying" */ = {
			isa = XCConfigurationList;
			buildConfigurations = (
				91016FA31E0B73CE00C7E0D8 /* Debug */,
				91016FA41E0B73CE00C7E0D8 /* Release */,
			);
			defaultConfigurationIsVisible = 0;
			defaultConfigurationName = Release;
		};
/* End XCConfigurationList section */
	};
	rootObject = 91016F831E0B73CD00C7E0D8 /* Project object */;
}
